
Microsoft Visual Studio Solution File, Format Version 12.00
# Visual Studio Version 17
VisualStudioVersion = 17.5.33414.496
MinimumVisualStudioVersion = 10.0.40219.1
Project("{FAE04EC0-301F-11D3-BF4B-00C04F79EFBC}") = "Delegetes", "Delegetes\Delegetes.csproj", "{7103D229-491C-416D-ACF8-55A5EEF28D13}"
EndProject
Global
	GlobalSection(SolutionConfigurationPlatforms) = preSolution
		Debug|Any CPU = Debug|Any CPU
		Release|Any CPU = Release|Any CPU
	EndGlobalSection
	GlobalSection(ProjectConfigurationPlatforms) = postSolution
		{7103D229-491C-416D-ACF8-55A5EEF28D13}.Debug|Any CPU.ActiveCfg = Debug|Any CPU
		{7103D229-491C-416D-ACF8-55A5EEF28D13}.Debug|Any CPU.Build.0 = Debug|Any CPU
		{7103D229-491C-416D-ACF8-55A5EEF28D13}.Release|Any CPU.ActiveCfg = Release|Any CPU
		{7103D229-491C-416D-ACF8-55A5EEF28D13}.Release|Any CPU.Build.0 = Release|Any CPU
	EndGlobalSection
	GlobalSection(SolutionProperties) = preSolution
		HideSolutionNode = FALSE
	EndGlobalSection
	GlobalSection(ExtensibilityGlobals) = postSolution
		SolutionGuid = {2F735443-304F-470C-9484-E0F54466BEF0}
	EndGlobalSection
EndGlobal
